{
  "name": "oystars-scripts",
  "version": "1.0.0",
  "lockfileVersion": 2,
  "requires": true,
  "packages": {
    "": {
      "name": "oystars-scripts",
      "version": "1.0.0",
      "license": "ISC",
      "dependencies": {
        "csv": "^6.0.5",
        "csv-parser": "^3.0.0",
        "node-fetch": "^2.6.7"
      }
    },
    "node_modules/csv": {
      "version": "6.0.5",
      "resolved": "https://registry.npmjs.org/csv/-/csv-6.0.5.tgz",
      "integrity": "sha512-VyII851P4BvzMsXenhtR7g3mARmZ3HvBX16PD85E8IOoxyvNT9e74egbfdkYBj5SGHh1LphCWXeQvskijH+kfg==",
      "dependencies": {
        "csv-generate": "^4.0.4",
        "csv-parse": "^5.0.4",
        "csv-stringify": "^6.0.5",
        "stream-transform": "^3.0.4"
      },
      "engines": {
        "node": ">= 0.1.90"
      }
    },
    "node_modules/csv-generate": {
      "version": "4.0.4",
      "resolved": "https://registry.npmjs.org/csv-generate/-/csv-generate-4.0.4.tgz",
      "integrity": "sha512-6/0FOBbF4O+EBSAYsfOXBjIFhyPpfeeeuWEM4XJQhc/6TvDDL9AGFQNPh2SKlFx7VYERBDmZAWnITgaa+z4BJA=="
    },
    "node_modules/csv-parse": {
      "version": "5.0.4",
      "resolved": "https://registry.npmjs.org/csv-parse/-/csv-parse-5.0.4.tgz",
      "integrity": "sha512-5AIdl8l6n3iYQYxan5djB5eKDa+vBnhfWZtRpJTcrETWfVLYN0WSj3L9RwvgYt+psoO77juUr8TG8qpfGZifVQ=="
    },
    "node_modules/csv-parser": {
      "version": "3.0.0",
      "resolved": "https://registry.npmjs.org/csv-parser/-/csv-parser-3.0.0.tgz",
      "integrity": "sha512-s6OYSXAK3IdKqYO33y09jhypG/bSDHPuyCme/IdEHfWpLf/jKcpitVFyOC6UemgGk8v7Q5u2XE0vvwmanxhGlQ==",
      "dependencies": {
        "minimist": "^1.2.0"
      },
      "bin": {
        "csv-parser": "bin/csv-parser"
      },
      "engines": {
        "node": ">= 10"
      }
    },
    "node_modules/csv-stringify": {
      "version": "6.0.5",
      "resolved": "https://registry.npmjs.org/csv-stringify/-/csv-stringify-6.0.5.tgz",
      "integrity": "sha512-7xpV3uweJCFF/Ssn56l3xsR/k2r3UqszwjEhej9qEn2cCPzyK1WyHCgoUVzBA792x8HbwonNX7CU9XM2K5s5yw=="
    },
    "node_modules/minimist": {
      "version": "1.2.6",
      "resolved": "https://registry.npmjs.org/minimist/-/minimist-1.2.6.tgz",
      "integrity": "sha512-Jsjnk4bw3YJqYzbdyBiNsPWHPfO++UGG749Cxs6peCu5Xg4nrena6OVxOYxrQTqww0Jmwt+Ref8rggumkTLz9Q=="
    },
    "node_modules/node-fetch": {
      "version": "2.6.7",
      "resolved": "https://registry.npmjs.org/node-fetch/-/node-fetch-2.6.7.tgz",
      "integrity": "sha512-ZjMPFEfVx5j+y2yF35Kzx5sF7kDzxuDj6ziH4FFbOp87zKDZNx8yExJIb05OGF4Nlt9IHFIMBkRl41VdvcNdbQ==",
      "dependencies": {
        "whatwg-url": "^5.0.0"
      },
      "engines": {
        "node": "4.x || >=6.0.0"
      },
      "peerDependencies": {
        "encoding": "^0.1.0"
      },
      "peerDependenciesMeta": {
        "encoding": {
          "optional": true
        }
      }
    },
    "node_modules/stream-transform": {
      "version": "3.0.4",
      "resolved": "https://registry.npmjs.org/stream-transform/-/stream-transform-3.0.4.tgz",
      "integrity": "sha512-g2jbk1hs3GiF3oHZLbR7Fph/PXh/3xHoz/D8aR2oHySE4xVUvNeTGqihhb1vxFjYyu4inqiTfT42g2MHBjjx0g=="
    },
    "node_modules/tr46": {
      "version": "0.0.3",
      "resolved": "https://registry.npmjs.org/tr46/-/tr46-0.0.3.tgz",
      "integrity": "sha1-gYT9NH2snNwYWZLzpmIuFLnZq2o="
    },
    "node_modules/webidl-conversions": {
      "version": "3.0.1",
      "resolved": "https://registry.npmjs.org/webidl-conversions/-/webidl-conversions-3.0.1.tgz",
      "integrity": "sha1-JFNCdeKnvGvnvIZhHMFq4KVlSHE="
    },
    "node_modules/whatwg-url": {
      "version": "5.0.0",
      "resolved": "https://registry.npmjs.org/whatwg-url/-/whatwg-url-5.0.0.tgz",
      "integrity": "sha1-lmRU6HZUYuN2RNNib2dCzotwll0=",
      "dependencies": {
        "tr46": "~0.0.3",
        "webidl-conversions": "^3.0.0"
      }
    }
  },
  "dependencies": {
    "csv": {
      "version": "6.0.5",
      "resolved": "https://registry.npmjs.org/csv/-/csv-6.0.5.tgz",
      "integrity": "sha512-VyII851P4BvzMsXenhtR7g3mARmZ3HvBX16PD85E8IOoxyvNT9e74egbfdkYBj5SGHh1LphCWXeQvskijH+kfg==",
      "requires": {
        "csv-generate": "^4.0.4",
        "csv-parse": "^5.0.4",
        "csv-stringify": "^6.0.5",
        "stream-transform": "^3.0.4"
      }
    },
    "csv-generate": {
      "version": "4.0.4",
      "resolved": "https://registry.npmjs.org/csv-generate/-/csv-generate-4.0.4.tgz",
      "integrity": "sha512-6/0FOBbF4O+EBSAYsfOXBjIFhyPpfeeeuWEM4XJQhc/6TvDDL9AGFQNPh2SKlFx7VYERBDmZAWnITgaa+z4BJA=="
    },
    "csv-parse": {
      "version": "5.0.4",
      "resolved": "https://registry.npmjs.org/csv-parse/-/csv-parse-5.0.4.tgz",
      "integrity": "sha512-5AIdl8l6n3iYQYxan5djB5eKDa+vBnhfWZtRpJTcrETWfVLYN0WSj3L9RwvgYt+psoO77juUr8TG8qpfGZifVQ=="
    },
    "csv-parser": {
      "version": "3.0.0",
      "resolved": "https://registry.npmjs.org/csv-parser/-/csv-parser-3.0.0.tgz",
      "integrity": "sha512-s6OYSXAK3IdKqYO33y09jhypG/bSDHPuyCme/IdEHfWpLf/jKcpitVFyOC6UemgGk8v7Q5u2XE0vvwmanxhGlQ==",
      "requires": {
        "minimist": "^1.2.0"
      }
    },
    "csv-stringify": {
      "version": "6.0.5",
      "resolved": "https://registry.npmjs.org/csv-stringify/-/csv-stringify-6.0.5.tgz",
      "integrity": "sha512-7xpV3uweJCFF/Ssn56l3xsR/k2r3UqszwjEhej9qEn2cCPzyK1WyHCgoUVzBA792x8HbwonNX7CU9XM2K5s5yw=="
    },
    "minimist": {
      "version": "1.2.6",
      "resolved": "https://registry.npmjs.org/minimist/-/minimist-1.2.6.tgz",
      "integrity": "sha512-Jsjnk4bw3YJqYzbdyBiNsPWHPfO++UGG749Cxs6peCu5Xg4nrena6OVxOYxrQTqww0Jmwt+Ref8rggumkTLz9Q=="
    },
    "node-fetch": {
      "version": "2.6.7",
      "resolved": "https://registry.npmjs.org/node-fetch/-/node-fetch-2.6.7.tgz",
      "integrity": "sha512-ZjMPFEfVx5j+y2yF35Kzx5sF7kDzxuDj6ziH4FFbOp87zKDZNx8yExJIb05OGF4Nlt9IHFIMBkRl41VdvcNdbQ==",
      "requires": {
        "whatwg-url": "^5.0.0"
      }
    },
    "stream-transform": {
      "version": "3.0.4",
      "resolved": "https://registry.npmjs.org/stream-transform/-/stream-transform-3.0.4.tgz",
      "integrity": "sha512-g2jbk1hs3GiF3oHZLbR7Fph/PXh/3xHoz/D8aR2oHySE4xVUvNeTGqihhb1vxFjYyu4inqiTfT42g2MHBjjx0g=="
    },
    "tr46": {
      "version": "0.0.3",
      "resolved": "https://registry.npmjs.org/tr46/-/tr46-0.0.3.tgz",
      "integrity": "sha1-gYT9NH2snNwYWZLzpmIuFLnZq2o="
    },
    "webidl-conversions": {
      "version": "3.0.1",
      "resolved": "https://registry.npmjs.org/webidl-conversions/-/webidl-conversions-3.0.1.tgz",
      "integrity": "sha1-JFNCdeKnvGvnvIZhHMFq4KVlSHE="
    },
    "whatwg-url": {
      "version": "5.0.0",
      "resolved": "https://registry.npmjs.org/whatwg-url/-/whatwg-url-5.0.0.tgz",
      "integrity": "sha1-lmRU6HZUYuN2RNNib2dCzotwll0=",
      "requires": {
        "tr46": "~0.0.3",
        "webidl-conversions": "^3.0.0"
      }
    }
  }
}
